
Microsoft Visual Studio Solution File, Format Version 12.00
# Visual Studio Version 17
VisualStudioVersion = 17.7.34009.444
MinimumVisualStudioVersion = 10.0.40219.1
Project("{FAE04EC0-301F-11D3-BF4B-00C04F79EFBC}") = "MembershipSystem.Web", "MembershipSystem.Web\MembershipSystem.Web.csproj", "{1803A067-E157-4554-B65D-039869836B16}"
EndProject
Global
	GlobalSection(SolutionConfigurationPlatforms) = preSolution
		Debug|Any CPU = Debug|Any CPU
		Release|Any CPU = Release|Any CPU
	EndGlobalSection
	GlobalSection(ProjectConfigurationPlatforms) = postSolution
		{1803A067-E157-4554-B65D-039869836B16}.Debug|Any CPU.ActiveCfg = Debug|Any CPU
		{1803A067-E157-4554-B65D-039869836B16}.Debug|Any CPU.Build.0 = Debug|Any CPU
		{1803A067-E157-4554-B65D-039869836B16}.Release|Any CPU.ActiveCfg = Release|Any CPU
		{1803A067-E157-4554-B65D-039869836B16}.Release|Any CPU.Build.0 = Release|Any CPU
	EndGlobalSection
	GlobalSection(SolutionProperties) = preSolution
		HideSolutionNode = FALSE
	EndGlobalSection
	GlobalSection(ExtensibilityGlobals) = postSolution
		SolutionGuid = {EFD46575-B67B-4999-A753-9C6E5F66EA59}
	EndGlobalSection
EndGlobal
